{
  "pins" : [
    {
      "identity" : "checkout-event-logger-ios-framework",
      "kind" : "remoteSourceControl",
      "location" : "https://github.com/checkout/checkout-event-logger-ios-framework.git",
      "state" : {
        "revision" : "a914d754b4ffb1843730e8e1f8e7e60c4bf81cf9",
        "version" : "1.2.4"
      }
    },
    {
      "identity" : "checkout-ios-components",
      "kind" : "remoteSourceControl",
      "location" : "https://github.com/checkout/checkout-ios-components",
      "state" : {
        "revision" : "8f8268be8756d93fb6800cc2746fbb6b9cfeb751",
        "version" : "1.6.2"
      }
    },
    {
      "identity" : "checkout-risk-sdk-ios",
      "kind" : "remoteSourceControl",
      "location" : "https://github.com/checkout/checkout-risk-sdk-ios",
      "state" : {
        "revision" : "7f944921720dc879b63ac3bb51f56dd6eb50919c",
        "version" : "4.0.2"
      }
    },
    {
      "identity" : "fingerprintjs-pro-ios",
      "kind" : "remoteSourceControl",
      "location" : "https://github.com/fingerprintjs/fingerprintjs-pro-ios",
      "state" : {
        "revision" : "21bcfcfd2e1bce943f668a7748f8a7e1154f0ac2",
        "version" : "2.13.0"
      }
    }
  ],
  "version" : 2
}
